
Microsoft Visual Studio Solution File, Format Version 12.00
# Visual Studio Version 17
VisualStudioVersion = 17.9.34616.47
MinimumVisualStudioVersion = 10.0.40219.1
Project("{FAE04EC0-301F-11D3-BF4B-00C04F79EFBC}") = "PageObjectTask2024", "PageObjectTask2024\PageObjectTask2024.csproj", "{F781B268-2419-49F9-B8F6-9D55F8628380}"
EndProject
Global
	GlobalSection(SolutionConfigurationPlatforms) = preSolution
		Debug|Any CPU = Debug|Any CPU
		Release|Any CPU = Release|Any CPU
	EndGlobalSection
	GlobalSection(ProjectConfigurationPlatforms) = postSolution
		{F781B268-2419-49F9-B8F6-9D55F8628380}.Debug|Any CPU.ActiveCfg = Debug|Any CPU
		{F781B268-2419-49F9-B8F6-9D55F8628380}.Debug|Any CPU.Build.0 = Debug|Any CPU
		{F781B268-2419-49F9-B8F6-9D55F8628380}.Release|Any CPU.ActiveCfg = Release|Any CPU
		{F781B268-2419-49F9-B8F6-9D55F8628380}.Release|Any CPU.Build.0 = Release|Any CPU
	EndGlobalSection
	GlobalSection(SolutionProperties) = preSolution
		HideSolutionNode = FALSE
	EndGlobalSection
	GlobalSection(ExtensibilityGlobals) = postSolution
		SolutionGuid = {BC9ED1F6-6808-4F78-A033-41E499F4D33A}
	EndGlobalSection
EndGlobal
